
Microsoft Visual Studio Solution File, Format Version 12.00
# Visual Studio Version 16
VisualStudioVersion = 16.0.32002.261
MinimumVisualStudioVersion = 10.0.40219.1
Project("{9A19103F-16F7-4668-BE54-9A1E7A4F7556}") = "ballsGame_StepikHW1", "ballsGame_StepikHW1\ballsGame_StepikHW1.csproj", "{9A7A83C5-D5B6-4746-A785-9B93FBA68D5F}"
EndProject
Project("{9A19103F-16F7-4668-BE54-9A1E7A4F7556}") = "ballsGame_StepikHW2", "ballsGame_StepikHW2\ballsGame_StepikHW2.csproj", "{3E003124-66F1-4ED4-A91D-CF87B4CC593E}"
EndProject
Project("{FAE04EC0-301F-11D3-BF4B-00C04F79EFBC}") = "ballsCommonWF", "ballsCommonWF\ballsCommonWF.csproj", "{3C9F7851-1C2D-4A9C-9C67-907DA43A2806}"
EndProject
Global
	GlobalSection(SolutionConfigurationPlatforms) = preSolution
		Debug|Any CPU = Debug|Any CPU
		Release|Any CPU = Release|Any CPU
	EndGlobalSection
	GlobalSection(ProjectConfigurationPlatforms) = postSolution
		{9A7A83C5-D5B6-4746-A785-9B93FBA68D5F}.Debug|Any CPU.ActiveCfg = Debug|Any CPU
		{9A7A83C5-D5B6-4746-A785-9B93FBA68D5F}.Debug|Any CPU.Build.0 = Debug|Any CPU
		{9A7A83C5-D5B6-4746-A785-9B93FBA68D5F}.Release|Any CPU.ActiveCfg = Release|Any CPU
		{9A7A83C5-D5B6-4746-A785-9B93FBA68D5F}.Release|Any CPU.Build.0 = Release|Any CPU
		{3E003124-66F1-4ED4-A91D-CF87B4CC593E}.Debug|Any CPU.ActiveCfg = Debug|Any CPU
		{3E003124-66F1-4ED4-A91D-CF87B4CC593E}.Debug|Any CPU.Build.0 = Debug|Any CPU
		{3E003124-66F1-4ED4-A91D-CF87B4CC593E}.Release|Any CPU.ActiveCfg = Release|Any CPU
		{3E003124-66F1-4ED4-A91D-CF87B4CC593E}.Release|Any CPU.Build.0 = Release|Any CPU
		{3C9F7851-1C2D-4A9C-9C67-907DA43A2806}.Debug|Any CPU.ActiveCfg = Debug|Any CPU
		{3C9F7851-1C2D-4A9C-9C67-907DA43A2806}.Debug|Any CPU.Build.0 = Debug|Any CPU
		{3C9F7851-1C2D-4A9C-9C67-907DA43A2806}.Release|Any CPU.ActiveCfg = Release|Any CPU
		{3C9F7851-1C2D-4A9C-9C67-907DA43A2806}.Release|Any CPU.Build.0 = Release|Any CPU
	EndGlobalSection
	GlobalSection(SolutionProperties) = preSolution
		HideSolutionNode = FALSE
	EndGlobalSection
	GlobalSection(ExtensibilityGlobals) = postSolution
		SolutionGuid = {3B6C3D41-AABA-4C76-B8D5-CE45A8649DD1}
	EndGlobalSection
EndGlobal
